
Microsoft Visual Studio Solution File, Format Version 12.00
# Visual Studio Version 17
VisualStudioVersion = 17.5.002.0
MinimumVisualStudioVersion = 10.0.40219.1
Project("{9A19103F-16F7-4668-BE54-9A1E7A4F7556}") = "YzykiSamoproverka3", "YzykiSamoproverka3.csproj", "{F41F4018-6331-4EBF-8BC4-E5FF42F525F2}"
EndProject
Global
	GlobalSection(SolutionConfigurationPlatforms) = preSolution
		Debug|Any CPU = Debug|Any CPU
		Release|Any CPU = Release|Any CPU
	EndGlobalSection
	GlobalSection(ProjectConfigurationPlatforms) = postSolution
		{F41F4018-6331-4EBF-8BC4-E5FF42F525F2}.Debug|Any CPU.ActiveCfg = Debug|Any CPU
		{F41F4018-6331-4EBF-8BC4-E5FF42F525F2}.Debug|Any CPU.Build.0 = Debug|Any CPU
		{F41F4018-6331-4EBF-8BC4-E5FF42F525F2}.Release|Any CPU.ActiveCfg = Release|Any CPU
		{F41F4018-6331-4EBF-8BC4-E5FF42F525F2}.Release|Any CPU.Build.0 = Release|Any CPU
	EndGlobalSection
	GlobalSection(SolutionProperties) = preSolution
		HideSolutionNode = FALSE
	EndGlobalSection
	GlobalSection(ExtensibilityGlobals) = postSolution
		SolutionGuid = {3A97B3CC-043D-47AD-8DBD-63BB1D338F8E}
	EndGlobalSection
EndGlobal
